<?xml version="1.0" encoding="utf-8"?>
<Project ToolsVersion="4.0" xmlns="http://schemas.microsoft.com/developer/msbuild/2003">
  <ItemGroup>
    <Filter Include="Header Files">
      <UniqueIdentifier>{93995380-89BD-4b04-88EB-625FBE52EBFB}</UniqueIdentifier>
      <Extensions>h;hpp;hxx;hm;inl;inc;xsd</Extensions>
    </Filter>
    <Filter Include="Resource Files">
      <UniqueIdentifier>{67DA6AB6-F800-4c08-8B7A-83BB121AAD01}</UniqueIdentifier>
      <Extensions>rc;ico;cur;bmp;dlg;rc2;rct;bin;rgs;gif;jpg;jpeg;jpe;resx</Extensions>
    </Filter>
    <Filter Include="Source Files">
      <UniqueIdentifier>{4FC737F1-C7A5-4376-A066-2A32D752A2FF}</UniqueIdentifier>
      <Extensions>cpp;c;cc;cxx;def;odl;idl;hpj;bat;asm;asmx</Extensions>
    </Filter>
  </ItemGroup>
  <ItemGroup>
    <ClInclude Include="rfrpi_src\core_433.h">
      <Filter>Header Files</Filter>
    </ClInclude>
    <ClInclude Include="rfrpi_src\eventManager.h">
      <Filter>Header Files</Filter>
    </ClInclude>
    <ClInclude Include="rfrpi_src\ledManager.h">
      <Filter>Header Files</Filter>
    </ClInclude>
    <ClInclude Include="rfrpi_src\RcOok.h">
      <Filter>Header Files</Filter>
    </ClInclude>
    <ClInclude Include="rfrpi_src\RCSwitch.h">
      <Filter>Header Files</Filter>
    </ClInclude>
    <ClInclude Include="rfrpi_src\Sensor.h">
      <Filter>Header Files</Filter>
    </ClInclude>
    <ClInclude Include="rfrpi_src\singleton.h">
      <Filter>Header Files</Filter>
    </ClInclude>
    <ClInclude Include="rfrpi_src\tools.h">
      <Filter>Header Files</Filter>
    </ClInclude>
    <ClInclude Include="rfrpi_src\version.h">
      <Filter>Header Files</Filter>
    </ClInclude>
  </ItemGroup>
  <ItemGroup>
    <ClCompile Include="rfrpi_src\core_433.cpp">
      <Filter>Source Files</Filter>
    </ClCompile>
    <ClCompile Include="rfrpi_src\eventManager.cpp">
      <Filter>Source Files</Filter>
    </ClCompile>
    <ClCompile Include="..\gpio-freq\gpio-freq.c">
      <Filter>Source Files</Filter>
    </ClCompile>
    <ClCompile Include="rfrpi_src\krfrpi\krfrpi.c">
      <Filter>Source Files</Filter>
    </ClCompile>
    <ClCompile Include="rfrpi_src\ledManager.cpp">
      <Filter>Source Files</Filter>
    </ClCompile>
    <ClCompile Include="rfrpi_src\RcOok.cpp">
      <Filter>Source Files</Filter>
    </ClCompile>
    <ClCompile Include="rfrpi_src\RCSwitch.cpp">
      <Filter>Source Files</Filter>
    </ClCompile>
    <ClCompile Include="rfrpi_src\krfrpi\rfrpi2.c">
      <Filter>Source Files</Filter>
    </ClCompile>
    <ClCompile Include="rfrpi_src\rfrpi_test.cpp">
      <Filter>Source Files</Filter>
    </ClCompile>
    <ClCompile Include="rfrpi_src\Sensor.cpp">
      <Filter>Source Files</Filter>
    </ClCompile>
    <ClCompile Include="rfrpi_src\singleton.cpp">
      <Filter>Source Files</Filter>
    </ClCompile>
    <ClCompile Include="rfrpi_src\tools.cpp">
      <Filter>Source Files</Filter>
    </ClCompile>
  </ItemGroup>
</Project>